
Microsoft Visual Studio Solution File, Format Version 12.00
# Visual Studio Version 17
VisualStudioVersion = 17.8.34330.188
MinimumVisualStudioVersion = 10.0.40219.1
Project("{2150E333-8FDC-42A3-9474-1A3956D46DE8}") = "Solution Items", "Solution Items", "{43D902C6-7AA9-4035-92B0-E260F612F4B8}"
	ProjectSection(SolutionItems) = preProject
		bin\ReadTest.lrc = bin\ReadTest.lrc
		bin\WriteTest.lrc = bin\WriteTest.lrc
	EndProjectSection
EndProject
Project("{9A19103F-16F7-4668-BE54-9A1E7A4F7556}") = "LrcEditor", "LrcEditor\LrcEditor.csproj", "{A0F9A804-BFFA-49BE-AD1E-3A842873925C}"
EndProject
Project("{9A19103F-16F7-4668-BE54-9A1E7A4F7556}") = "LrcLib", "LrcLib\LrcLib.csproj", "{48DFDB12-489C-4F60-9619-FA0027FEC55A}"
EndProject
Project("{9A19103F-16F7-4668-BE54-9A1E7A4F7556}") = "NAudioPlayer", "NAudioPlayer\NAudioPlayer.csproj", "{8F0DB4AE-D87E-4BB1-9863-4400793376C0}"
EndProject
Global
	GlobalSection(SolutionConfigurationPlatforms) = preSolution
		Debug|Any CPU = Debug|Any CPU
		Release|Any CPU = Release|Any CPU
	EndGlobalSection
	GlobalSection(ProjectConfigurationPlatforms) = postSolution
		{A0F9A804-BFFA-49BE-AD1E-3A842873925C}.Debug|Any CPU.ActiveCfg = Debug|Any CPU
		{A0F9A804-BFFA-49BE-AD1E-3A842873925C}.Debug|Any CPU.Build.0 = Debug|Any CPU
		{A0F9A804-BFFA-49BE-AD1E-3A842873925C}.Release|Any CPU.ActiveCfg = Release|Any CPU
		{A0F9A804-BFFA-49BE-AD1E-3A842873925C}.Release|Any CPU.Build.0 = Release|Any CPU
		{48DFDB12-489C-4F60-9619-FA0027FEC55A}.Debug|Any CPU.ActiveCfg = Debug|Any CPU
		{48DFDB12-489C-4F60-9619-FA0027FEC55A}.Debug|Any CPU.Build.0 = Debug|Any CPU
		{48DFDB12-489C-4F60-9619-FA0027FEC55A}.Release|Any CPU.ActiveCfg = Release|Any CPU
		{48DFDB12-489C-4F60-9619-FA0027FEC55A}.Release|Any CPU.Build.0 = Release|Any CPU
		{8F0DB4AE-D87E-4BB1-9863-4400793376C0}.Debug|Any CPU.ActiveCfg = Debug|Any CPU
		{8F0DB4AE-D87E-4BB1-9863-4400793376C0}.Debug|Any CPU.Build.0 = Debug|Any CPU
		{8F0DB4AE-D87E-4BB1-9863-4400793376C0}.Release|Any CPU.ActiveCfg = Release|Any CPU
		{8F0DB4AE-D87E-4BB1-9863-4400793376C0}.Release|Any CPU.Build.0 = Release|Any CPU
	EndGlobalSection
	GlobalSection(SolutionProperties) = preSolution
		HideSolutionNode = FALSE
	EndGlobalSection
	GlobalSection(ExtensibilityGlobals) = postSolution
		SolutionGuid = {2DA9125D-AEA0-4910-9639-215A47B27CF2}
	EndGlobalSection
EndGlobal
